
Microsoft Visual Studio Solution File, Format Version 12.00
# Visual Studio Version 17
VisualStudioVersion = 17.7.34202.233
MinimumVisualStudioVersion = 10.0.40219.1
Project("{2150E333-8FDC-42A3-9474-1A3956D46DE8}") = "Presentation", "Presentation", "{220FC230-997D-4B1B-8327-244E1FBCA73F}"
EndProject
Project("{9A19103F-16F7-4668-BE54-9A1E7A4F7556}") = "Api", "src\Api\Api.csproj", "{601D1D9E-1B43-4EC7-A7A0-E4EE8AD07432}"
EndProject
Project("{2150E333-8FDC-42A3-9474-1A3956D46DE8}") = "Infrastructures", "Infrastructures", "{7F135A61-F683-4CE0-A7EF-E43452A2E19A}"
EndProject
Project("{9A19103F-16F7-4668-BE54-9A1E7A4F7556}") = "OShop.Infrastructures.Persistence", "src\OShop.Infrastructures.Persistence\OShop.Infrastructures.Persistence.csproj", "{1424AE2F-632A-44BB-9F2A-E79A91B339EF}"
EndProject
Project("{2150E333-8FDC-42A3-9474-1A3956D46DE8}") = "Domain", "Domain", "{964C1621-8593-4778-8301-F8FF6A38DE3C}"
EndProject
Project("{9A19103F-16F7-4668-BE54-9A1E7A4F7556}") = "OShop.Domain.Entities", "src\OShop.Domain.Entities\OShop.Domain.Entities.csproj", "{DEC0A40D-B77B-462F-A683-037E02289FE1}"
EndProject
Project("{9A19103F-16F7-4668-BE54-9A1E7A4F7556}") = "OShop.Domain.Abstracts", "src\OShop.Domain.Abstracts\OShop.Domain.Abstracts.csproj", "{F85E4185-6A23-4602-9292-54B318730985}"
EndProject
Project("{FAE04EC0-301F-11D3-BF4B-00C04F79EFBC}") = "OShop.Domain.ApplicationServices", "src\OShop.Domain.ApplicationServices\OShop.Domain.ApplicationServices.csproj", "{D183BB05-65C8-42F5-81CA-E907AB46EAB7}"
EndProject
Global
	GlobalSection(SolutionConfigurationPlatforms) = preSolution
		Debug|Any CPU = Debug|Any CPU
		Release|Any CPU = Release|Any CPU
	EndGlobalSection
	GlobalSection(ProjectConfigurationPlatforms) = postSolution
		{601D1D9E-1B43-4EC7-A7A0-E4EE8AD07432}.Debug|Any CPU.ActiveCfg = Debug|Any CPU
		{601D1D9E-1B43-4EC7-A7A0-E4EE8AD07432}.Debug|Any CPU.Build.0 = Debug|Any CPU
		{601D1D9E-1B43-4EC7-A7A0-E4EE8AD07432}.Release|Any CPU.ActiveCfg = Release|Any CPU
		{601D1D9E-1B43-4EC7-A7A0-E4EE8AD07432}.Release|Any CPU.Build.0 = Release|Any CPU
		{1424AE2F-632A-44BB-9F2A-E79A91B339EF}.Debug|Any CPU.ActiveCfg = Debug|Any CPU
		{1424AE2F-632A-44BB-9F2A-E79A91B339EF}.Debug|Any CPU.Build.0 = Debug|Any CPU
		{1424AE2F-632A-44BB-9F2A-E79A91B339EF}.Release|Any CPU.ActiveCfg = Release|Any CPU
		{1424AE2F-632A-44BB-9F2A-E79A91B339EF}.Release|Any CPU.Build.0 = Release|Any CPU
		{DEC0A40D-B77B-462F-A683-037E02289FE1}.Debug|Any CPU.ActiveCfg = Debug|Any CPU
		{DEC0A40D-B77B-462F-A683-037E02289FE1}.Debug|Any CPU.Build.0 = Debug|Any CPU
		{DEC0A40D-B77B-462F-A683-037E02289FE1}.Release|Any CPU.ActiveCfg = Release|Any CPU
		{DEC0A40D-B77B-462F-A683-037E02289FE1}.Release|Any CPU.Build.0 = Release|Any CPU
		{F85E4185-6A23-4602-9292-54B318730985}.Debug|Any CPU.ActiveCfg = Debug|Any CPU
		{F85E4185-6A23-4602-9292-54B318730985}.Debug|Any CPU.Build.0 = Debug|Any CPU
		{F85E4185-6A23-4602-9292-54B318730985}.Release|Any CPU.ActiveCfg = Release|Any CPU
		{F85E4185-6A23-4602-9292-54B318730985}.Release|Any CPU.Build.0 = Release|Any CPU
		{D183BB05-65C8-42F5-81CA-E907AB46EAB7}.Debug|Any CPU.ActiveCfg = Debug|Any CPU
		{D183BB05-65C8-42F5-81CA-E907AB46EAB7}.Debug|Any CPU.Build.0 = Debug|Any CPU
		{D183BB05-65C8-42F5-81CA-E907AB46EAB7}.Release|Any CPU.ActiveCfg = Release|Any CPU
		{D183BB05-65C8-42F5-81CA-E907AB46EAB7}.Release|Any CPU.Build.0 = Release|Any CPU
	EndGlobalSection
	GlobalSection(SolutionProperties) = preSolution
		HideSolutionNode = FALSE
	EndGlobalSection
	GlobalSection(NestedProjects) = preSolution
		{601D1D9E-1B43-4EC7-A7A0-E4EE8AD07432} = {220FC230-997D-4B1B-8327-244E1FBCA73F}
		{1424AE2F-632A-44BB-9F2A-E79A91B339EF} = {7F135A61-F683-4CE0-A7EF-E43452A2E19A}
		{DEC0A40D-B77B-462F-A683-037E02289FE1} = {964C1621-8593-4778-8301-F8FF6A38DE3C}
		{F85E4185-6A23-4602-9292-54B318730985} = {964C1621-8593-4778-8301-F8FF6A38DE3C}
		{D183BB05-65C8-42F5-81CA-E907AB46EAB7} = {964C1621-8593-4778-8301-F8FF6A38DE3C}
	EndGlobalSection
	GlobalSection(ExtensibilityGlobals) = postSolution
		SolutionGuid = {DDAFC2FB-578F-4A5E-8BFC-C4E096A56A80}
	EndGlobalSection
EndGlobal
